Microsoft Visual Studio Solution File, Format Version 12.00
# Visual Studio Version 17
VisualStudioVersion = 17.5.2.0
MinimumVisualStudioVersion = 10.0.40219.1
Project("{FAE04EC0-301F-11D3-BF4B-00C04F79EFBC}") = "ShefaafSpices.Web", "ShefaafSpices.Web.csproj", "{FD7FB94A-4D13-551B-6A9F-DB213F579225}"
EndProject
Global
	GlobalSection(SolutionConfigurationPlatforms) = preSolution
		Debug|Any CPU = Debug|Any CPU
		Release|Any CPU = Release|Any CPU
	EndGlobalSection
	GlobalSection(ProjectConfigurationPlatforms) = postSolution
		{FD7FB94A-4D13-551B-6A9F-DB213F579225}.Debug|Any CPU.ActiveCfg = Debug|Any CPU
		{FD7FB94A-4D13-551B-6A9F-DB213F579225}.Debug|Any CPU.Build.0 = Debug|Any CPU
		{FD7FB94A-4D13-551B-6A9F-DB213F579225}.Release|Any CPU.ActiveCfg = Release|Any CPU
		{FD7FB94A-4D13-551B-6A9F-DB213F579225}.Release|Any CPU.Build.0 = Release|Any CPU
	EndGlobalSection
	GlobalSection(SolutionProperties) = preSolution
		HideSolutionNode = FALSE
	EndGlobalSection
	GlobalSection(ExtensibilityGlobals) = postSolution
		SolutionGuid = {B85DF6DF-9D25-48A8-BC76-96E1A07B26D0}
	EndGlobalSection
EndGlobal
